
Microsoft Visual Studio Solution File, Format Version 12.00
Project("{2150E333-8FDC-42A3-9474-1A3956D46DE8}") = "Api", "Api", "{360613F0-AC06-46F6-BD10-3F2CEBC9DEEF}"
EndProject
Project("{FAE04EC0-301F-11D3-BF4B-00C04F79EFBC}") = "Nasa.API", "src\Nasa.API\Nasa.API.csproj", "{D8BDAF95-F28F-4040-860D-D35C7DD5430B}"
EndProject
Project("{2150E333-8FDC-42A3-9474-1A3956D46DE8}") = "Domain", "Domain", "{62B44285-86C6-4DB7-8D10-520FAB2300D1}"
EndProject
Project("{FAE04EC0-301F-11D3-BF4B-00C04F79EFBC}") = "Nasa.Domain", "src\Nasa.Domain\Nasa.Domain.csproj", "{25A54B68-44F1-490C-98F5-29BEBD49383F}"
EndProject
Project("{2150E333-8FDC-42A3-9474-1A3956D46DE8}") = "Infrastructure", "Infrastructure", "{071F58A5-A3DE-432B-920C-CCBB59B5DAE0}"
EndProject
Project("{FAE04EC0-301F-11D3-BF4B-00C04F79EFBC}") = "Nasa.Data", "src\Nasa.Data\Nasa.Data.csproj", "{63099090-473B-42E3-9D9E-99B1D424EDFD}"
EndProject
Project("{2150E333-8FDC-42A3-9474-1A3956D46DE8}") = "CrossCutting", "CrossCutting", "{F44F3B39-A309-4FC3-91F4-DD53E129ACA1}"
EndProject
Project("{FAE04EC0-301F-11D3-BF4B-00C04F79EFBC}") = "Nasa.Resources", "src\Nasa.Resources\Nasa.Resources.csproj", "{DF178DB8-6B95-471D-B655-4C5BFAF3AEF5}"
EndProject
Project("{FAE04EC0-301F-11D3-BF4B-00C04F79EFBC}") = "Nasa.IoC", "src\Nasa.IoC\Nasa.IoC.csproj", "{59361B84-8942-43C8-8E01-9ADC658861E4}"
EndProject
Global
	GlobalSection(SolutionConfigurationPlatforms) = preSolution
		Debug|Any CPU = Debug|Any CPU
		Release|Any CPU = Release|Any CPU
	EndGlobalSection
	GlobalSection(NestedProjects) = preSolution
		{D8BDAF95-F28F-4040-860D-D35C7DD5430B} = {360613F0-AC06-46F6-BD10-3F2CEBC9DEEF}
		{25A54B68-44F1-490C-98F5-29BEBD49383F} = {62B44285-86C6-4DB7-8D10-520FAB2300D1}
		{63099090-473B-42E3-9D9E-99B1D424EDFD} = {071F58A5-A3DE-432B-920C-CCBB59B5DAE0}
		{F44F3B39-A309-4FC3-91F4-DD53E129ACA1} = {071F58A5-A3DE-432B-920C-CCBB59B5DAE0}
		{DF178DB8-6B95-471D-B655-4C5BFAF3AEF5} = {F44F3B39-A309-4FC3-91F4-DD53E129ACA1}
		{59361B84-8942-43C8-8E01-9ADC658861E4} = {F44F3B39-A309-4FC3-91F4-DD53E129ACA1}
	EndGlobalSection
	GlobalSection(ProjectConfigurationPlatforms) = postSolution
		{D8BDAF95-F28F-4040-860D-D35C7DD5430B}.Debug|Any CPU.ActiveCfg = Debug|Any CPU
		{D8BDAF95-F28F-4040-860D-D35C7DD5430B}.Debug|Any CPU.Build.0 = Debug|Any CPU
		{D8BDAF95-F28F-4040-860D-D35C7DD5430B}.Release|Any CPU.ActiveCfg = Release|Any CPU
		{D8BDAF95-F28F-4040-860D-D35C7DD5430B}.Release|Any CPU.Build.0 = Release|Any CPU
		{25A54B68-44F1-490C-98F5-29BEBD49383F}.Debug|Any CPU.ActiveCfg = Debug|Any CPU
		{25A54B68-44F1-490C-98F5-29BEBD49383F}.Debug|Any CPU.Build.0 = Debug|Any CPU
		{25A54B68-44F1-490C-98F5-29BEBD49383F}.Release|Any CPU.ActiveCfg = Release|Any CPU
		{25A54B68-44F1-490C-98F5-29BEBD49383F}.Release|Any CPU.Build.0 = Release|Any CPU
		{63099090-473B-42E3-9D9E-99B1D424EDFD}.Debug|Any CPU.ActiveCfg = Debug|Any CPU
		{63099090-473B-42E3-9D9E-99B1D424EDFD}.Debug|Any CPU.Build.0 = Debug|Any CPU
		{63099090-473B-42E3-9D9E-99B1D424EDFD}.Release|Any CPU.ActiveCfg = Release|Any CPU
		{63099090-473B-42E3-9D9E-99B1D424EDFD}.Release|Any CPU.Build.0 = Release|Any CPU
		{DF178DB8-6B95-471D-B655-4C5BFAF3AEF5}.Debug|Any CPU.ActiveCfg = Debug|Any CPU
		{DF178DB8-6B95-471D-B655-4C5BFAF3AEF5}.Debug|Any CPU.Build.0 = Debug|Any CPU
		{DF178DB8-6B95-471D-B655-4C5BFAF3AEF5}.Release|Any CPU.ActiveCfg = Release|Any CPU
		{DF178DB8-6B95-471D-B655-4C5BFAF3AEF5}.Release|Any CPU.Build.0 = Release|Any CPU
		{59361B84-8942-43C8-8E01-9ADC658861E4}.Debug|Any CPU.ActiveCfg = Debug|Any CPU
		{59361B84-8942-43C8-8E01-9ADC658861E4}.Debug|Any CPU.Build.0 = Debug|Any CPU
		{59361B84-8942-43C8-8E01-9ADC658861E4}.Release|Any CPU.ActiveCfg = Release|Any CPU
		{59361B84-8942-43C8-8E01-9ADC658861E4}.Release|Any CPU.Build.0 = Release|Any CPU
	EndGlobalSection
EndGlobal
